{
    "name": "create-json-driven-npm",
    "version": "1.2.1",
    "lockfileVersion": 3,
    "requires": true,
    "packages": {
        "": {
            "name": "create-json-driven-npm",
            "version": "1.2.1",
            "license": "MIT",
            "dependencies": {
                "json-driven-npm": "^1.3.1"
            },
            "bin": {
                "create-json-driven-npm": "bin/create-json-driven-npm.js"
            },
            "engines": {
                "node": ">=20.10"
            }
        },
        "node_modules/json-driven-npm": {
            "version": "1.3.1",
            "resolved": "https://registry.npmjs.org/json-driven-npm/-/json-driven-npm-1.3.1.tgz",
            "integrity": "sha512-mM11F+hzo4eO9lfxXBMa1V7kU00Xm8ca5kcCSXvfQ1LVJCAVlcjw8WRA/iivcw2y2iVUFuSPzPzCiGK1HH35JA==",
            "license": "MIT",
            "bin": {
                "json-driven-npm": "bin/json-driven-npm.js"
            },
            "engines": {
                "node": ">=20.10"
            }
        }
    }
}
