{
    "name": "create-json-driven-npm",
    "version": "1.0.2",
    "lockfileVersion": 3,
    "requires": true,
    "packages": {
        "": {
            "name": "create-json-driven-npm",
            "version": "1.0.2",
            "license": "MIT",
            "dependencies": {
                "json-driven-npm": "^1.2.1"
            },
            "bin": {
                "create-json-driven-npm": "bin/create-json-driven-npm.js"
            },
            "engines": {
                "node": ">=20.10"
            }
        },
        "node_modules/json-driven-npm": {
            "version": "1.2.1",
            "resolved": "https://registry.npmjs.org/json-driven-npm/-/json-driven-npm-1.2.1.tgz",
            "integrity": "sha512-fqc4RM/+SlZyFnB1wEjN+mcBqv46EwfPfVL8fOnRYeN3ENDuT1ZgfurCmltVDjrL1VoTNI2UyXyUInhsBt+n6Q==",
            "license": "MIT",
            "bin": {
                "json-driven-npm": "bin/json-driven-npm.js"
            },
            "engines": {
                "node": ">=20.10"
            }
        }
    }
}
